// !$*UTF8*$!
{
	archiveVersion = 1;
	classes = {
	};
	objectVersion = 55;
	objects = {

/* Begin PBXBuildFile section */
		1C1988702777626D00958B24 /* InfoCountriesApp.swift in Sources */ = {isa = PBXBuildFile; fileRef = 1C19886F2777626D00958B24 /* InfoCountriesApp.swift */; };
		1C1988722777626D00958B24 /* ContentView.swift in Sources */ = {isa = PBXBuildFile; fileRef = 1C1988712777626D00958B24 /* ContentView.swift */; };
		1C1988742777626E00958B24 /* Assets.xcassets in Resources */ = {isa = PBXBuildFile; fileRef = 1C1988732777626E00958B24 /* Assets.xcassets */; };
		1C1988772777626E00958B24 /* Preview Assets.xcassets in Resources */ = {isa = PBXBuildFile; fileRef = 1C1988762777626E00958B24 /* Preview Assets.xcassets */; };
		1C19887F277763C300958B24 /* FlagIcon.swift in Sources */ = {isa = PBXBuildFile; fileRef = 1C19887E277763C300958B24 /* FlagIcon.swift */; };
		1C198881277765CC00958B24 /* CountriesList.swift in Sources */ = {isa = PBXBuildFile; fileRef = 1C198880277765CC00958B24 /* CountriesList.swift */; };
		1C1988832777963E00958B24 /* countries.json in Resources */ = {isa = PBXBuildFile; fileRef = 1C1988822777963E00958B24 /* countries.json */; };
		1C44DD0C27790AA500FF363A /* countrycodes.json in Resources */ = {isa = PBXBuildFile; fileRef = 1C44DD0B27790AA500FF363A /* countrycodes.json */; };
		1C4BCCD1277797760067F451 /* ModelData.swift in Sources */ = {isa = PBXBuildFile; fileRef = 1C4BCCD0277797760067F451 /* ModelData.swift */; };
		1C4BCCD427779A540067F451 /* Country.swift in Sources */ = {isa = PBXBuildFile; fileRef = 1C4BCCD327779A540067F451 /* Country.swift */; };
		1C4BCCD62777A0E90067F451 /* CountryPage.swift in Sources */ = {isa = PBXBuildFile; fileRef = 1C4BCCD52777A0E90067F451 /* CountryPage.swift */; };
		1CDB01942781EE51005C9E92 /* ISODesc.json in Resources */ = {isa = PBXBuildFile; fileRef = 1CDB01932781EE51005C9E92 /* ISODesc.json */; };
		1CDB01962781F33C005C9E92 /* ISODescription.swift in Sources */ = {isa = PBXBuildFile; fileRef = 1CDB01952781F33C005C9E92 /* ISODescription.swift */; };
/* End PBXBuildFile section */

/* Begin PBXFileReference section */
		1C19886C2777626D00958B24 /* InfoCountries.app */ = {isa = PBXFileReference; explicitFileType = wrapper.application; includeInIndex = 0; path = InfoCountries.app; sourceTree = BUILT_PRODUCTS_DIR; };
		1C19886F2777626D00958B24 /* InfoCountriesApp.swift */ = {isa = PBXFileReference; lastKnownFileType = sourcecode.swift; path = InfoCountriesApp.swift; sourceTree = "<group>"; };
		1C1988712777626D00958B24 /* ContentView.swift */ = {isa = PBXFileReference; lastKnownFileType = sourcecode.swift; path = ContentView.swift; sourceTree = "<group>"; };
		1C1988732777626E00958B24 /* Assets.xcassets */ = {isa = PBXFileReference; lastKnownFileType = folder.assetcatalog; path = Assets.xcassets; sourceTree = "<group>"; };
		1C1988762777626E00958B24 /* Preview Assets.xcassets */ = {isa = PBXFileReference; lastKnownFileType = folder.assetcatalog; path = "Preview Assets.xcassets"; sourceTree = "<group>"; };
		1C19887E277763C300958B24 /* FlagIcon.swift */ = {isa = PBXFileReference; lastKnownFileType = sourcecode.swift; path = FlagIcon.swift; sourceTree = "<group>"; };
		1C198880277765CC00958B24 /* CountriesList.swift */ = {isa = PBXFileReference; lastKnownFileType = sourcecode.swift; path = CountriesList.swift; sourceTree = "<group>"; };
		1C1988822777963E00958B24 /* countries.json */ = {isa = PBXFileReference; fileEncoding = 4; lastKnownFileType = text.json; path = countries.json; sourceTree = "<group>"; };
		1C44DD0B27790AA500FF363A /* countrycodes.json */ = {isa = PBXFileReference; fileEncoding = 4; lastKnownFileType = text.json; path = countrycodes.json; sourceTree = "<group>"; };
		1C4BCCD0277797760067F451 /* ModelData.swift */ = {isa = PBXFileReference; fileEncoding = 4; lastKnownFileType = sourcecode.swift; path = ModelData.swift; sourceTree = "<group>"; };
		1C4BCCD327779A540067F451 /* Country.swift */ = {isa = PBXFileReference; lastKnownFileType = sourcecode.swift; path = Country.swift; sourceTree = "<group>"; };
		1C4BCCD52777A0E90067F451 /* CountryPage.swift */ = {isa = PBXFileReference; lastKnownFileType = sourcecode.swift; path = CountryPage.swift; sourceTree = "<group>"; };
		1CDB01932781EE51005C9E92 /* ISODesc.json */ = {isa = PBXFileReference; fileEncoding = 4; lastKnownFileType = text.json; path = ISODesc.json; sourceTree = "<group>"; };
		1CDB01952781F33C005C9E92 /* ISODescription.swift */ = {isa = PBXFileReference; lastKnownFileType = sourcecode.swift; path = ISODescription.swift; sourceTree = "<group>"; };
/* End PBXFileReference section */

/* Begin PBXFrameworksBuildPhase section */
		1C1988692777626D00958B24 /* Frameworks */ = {
			isa = PBXFrameworksBuildPhase;
			buildActionMask = 2147483647;
			files = (
			);
			runOnlyForDeploymentPostprocessing = 0;
		};
/* End PBXFrameworksBuildPhase section */

/* Begin PBXGroup section */
		1C1988632777626D00958B24 = {
			isa = PBXGroup;
			children = (
				1C19886E2777626D00958B24 /* InfoCountries */,
				1C19886D2777626D00958B24 /* Products */,
			);
			sourceTree = "<group>";
		};
		1C19886D2777626D00958B24 /* Products */ = {
			isa = PBXGroup;
			children = (
				1C19886C2777626D00958B24 /* InfoCountries.app */,
			);
			name = Products;
			sourceTree = "<group>";
		};
		1C19886E2777626D00958B24 /* InfoCountries */ = {
			isa = PBXGroup;
			children = (
				1C4BCCD2277797810067F451 /* Model */,
				1C19887D2777639E00958B24 /* Views */,
				1C19886F2777626D00958B24 /* InfoCountriesApp.swift */,
				1C1988732777626E00958B24 /* Assets.xcassets */,
				1C1988752777626E00958B24 /* Preview Content */,
			);
			path = InfoCountries;
			sourceTree = "<group>";
		};
		1C1988752777626E00958B24 /* Preview Content */ = {
			isa = PBXGroup;
			children = (
				1C1988762777626E00958B24 /* Preview Assets.xcassets */,
			);
			path = "Preview Content";
			sourceTree = "<group>";
		};
		1C19887D2777639E00958B24 /* Views */ = {
			isa = PBXGroup;
			children = (
				1C1988712777626D00958B24 /* ContentView.swift */,
				1C19887E277763C300958B24 /* FlagIcon.swift */,
				1C198880277765CC00958B24 /* CountriesList.swift */,
				1C4BCCD52777A0E90067F451 /* CountryPage.swift */,
			);
			path = Views;
			sourceTree = "<group>";
		};
		1C4BCCD2277797810067F451 /* Model */ = {
			isa = PBXGroup;
			children = (
				1C1988822777963E00958B24 /* countries.json */,
				1C44DD0B27790AA500FF363A /* countrycodes.json */,
				1C4BCCD327779A540067F451 /* Country.swift */,
				1CDB01952781F33C005C9E92 /* ISODescription.swift */,
				1CDB01932781EE51005C9E92 /* ISODesc.json */,
				1C4BCCD0277797760067F451 /* ModelData.swift */,
			);
			path = Model;
			sourceTree = "<group>";
		};
/* End PBXGroup section */

/* Begin PBXNativeTarget section */
		1C19886B2777626D00958B24 /* InfoCountries */ = {
			isa = PBXNativeTarget;
			buildConfigurationList = 1C19887A2777626E00958B24 /* Build configuration list for PBXNativeTarget "InfoCountries" */;
			buildPhases = (
				1C1988682777626D00958B24 /* Sources */,
				1C1988692777626D00958B24 /* Frameworks */,
				1C19886A2777626D00958B24 /* Resources */,
			);
			buildRules = (
			);
			dependencies = (
			);
			name = InfoCountries;
			productName = InfoCountries;
			productReference = 1C19886C2777626D00958B24 /* InfoCountries.app */;
			productType = "com.apple.product-type.application";
		};
/* End PBXNativeTarget section */

/* Begin PBXProject section */
		1C1988642777626D00958B24 /* Project object */ = {
			isa = PBXProject;
			attributes = {
				BuildIndependentTargetsInParallel = 1;
				LastSwiftUpdateCheck = 1310;
				LastUpgradeCheck = 1310;
				TargetAttributes = {
					1C19886B2777626D00958B24 = {
						CreatedOnToolsVersion = 13.1;
					};
				};
			};
			buildConfigurationList = 1C1988672777626D00958B24 /* Build configuration list for PBXProject "InfoCountries" */;
			compatibilityVersion = "Xcode 13.0";
			developmentRegion = en;
			hasScannedForEncodings = 0;
			knownRegions = (
				en,
				Base,
			);
			mainGroup = 1C1988632777626D00958B24;
			productRefGroup = 1C19886D2777626D00958B24 /* Products */;
			projectDirPath = "";
			projectRoot = "";
			targets = (
				1C19886B2777626D00958B24 /* InfoCountries */,
			);
		};
/* End PBXProject section */

/* Begin PBXResourcesBuildPhase section */
		1C19886A2777626D00958B24 /* Resources */ = {
			isa = PBXResourcesBuildPhase;
			buildActionMask = 2147483647;
			files = (
				1C1988832777963E00958B24 /* countries.json in Resources */,
				1C1988772777626E00958B24 /* Preview Assets.xcassets in Resources */,
				1C1988742777626E00958B24 /* Assets.xcassets in Resources */,
				1C44DD0C27790AA500FF363A /* countrycodes.json in Resources */,
				1CDB01942781EE51005C9E92 /* ISODesc.json in Resources */,
			);
			runOnlyForDeploymentPostprocessing = 0;
		};
/* End PBXResourcesBuildPhase section */

/* Begin PBXSourcesBuildPhase section */
		1C1988682777626D00958B24 /* Sources */ = {
			isa = PBXSourcesBuildPhase;
			buildActionMask = 2147483647;
			files = (
				1C1988722777626D00958B24 /* ContentView.swift in Sources */,
				1C1988702777626D00958B24 /* InfoCountriesApp.swift in Sources */,
				1C4BCCD1277797760067F451 /* ModelData.swift in Sources */,
				1C4BCCD62777A0E90067F451 /* CountryPage.swift in Sources */,
				1C198881277765CC00958B24 /* CountriesList.swift in Sources */,
				1C4BCCD427779A540067F451 /* Country.swift in Sources */,
				1CDB01962781F33C005C9E92 /* ISODescription.swift in Sources */,
				1C19887F277763C300958B24 /* FlagIcon.swift in Sources */,
			);
			runOnlyForDeploymentPostprocessing = 0;
		};
/* End PBXSourcesBuildPhase section */

/* Begin XCBuildConfiguration section */
		1C1988782777626E00958B24 /* Debug */ = {
			isa = XCBuildConfiguration;
			buildSettings = {
				ALWAYS_SEARCH_USER_PATHS = NO;
				CLANG_ANALYZER_NONNULL = YES;
				CLANG_ANALYZER_NUMBER_OBJECT_CONVERSION = YES_AGGRESSIVE;
				CLANG_CXX_LANGUAGE_STANDARD = "gnu++17";
				CLANG_CXX_LIBRARY = "libc++";
				CLANG_ENABLE_MODULES = YES;
				CLANG_ENABLE_OBJC_ARC = YES;
				CLANG_ENABLE_OBJC_WEAK = YES;
				CLANG_WARN_BLOCK_CAPTURE_AUTORELEASING = YES;
				CLANG_WARN_BOOL_CONVERSION = YES;
				CLANG_WARN_COMMA = YES;
				CLANG_WARN_CONSTANT_CONVERSION = YES;
				CLANG_WARN_DEPRECATED_OBJC_IMPLEMENTATIONS = YES;
				CLANG_WARN_DIRECT_OBJC_ISA_USAGE = YES_ERROR;
				CLANG_WARN_DOCUMENTATION_COMMENTS = YES;
				CLANG_WARN_EMPTY_BODY = YES;
				CLANG_WARN_ENUM_CONVERSION = YES;
				CLANG_WARN_INFINITE_RECURSION = YES;
				CLANG_WARN_INT_CONVERSION = YES;
				CLANG_WARN_NON_LITERAL_NULL_CONVERSION = YES;
				CLANG_WARN_OBJC_IMPLICIT_RETAIN_SELF = YES;
				CLANG_WARN_OBJC_LITERAL_CONVERSION = YES;
				CLANG_WARN_OBJC_ROOT_CLASS = YES_ERROR;
				CLANG_WARN_QUOTED_INCLUDE_IN_FRAMEWORK_HEADER = YES;
				CLANG_WARN_RANGE_LOOP_ANALYSIS = YES;
				CLANG_WARN_STRICT_PROTOTYPES = YES;
				CLANG_WARN_SUSPICIOUS_MOVE = YES;
				CLANG_WARN_UNGUARDED_AVAILABILITY = YES_AGGRESSIVE;
				CLANG_WARN_UNREACHABLE_CODE = YES;
				CLANG_WARN__DUPLICATE_METHOD_MATCH = YES;
				COPY_PHASE_STRIP = NO;
				DEBUG_INFORMATION_FORMAT = dwarf;
				ENABLE_STRICT_OBJC_MSGSEND = YES;
				ENABLE_TESTABILITY = YES;
				GCC_C_LANGUAGE_STANDARD = gnu11;
				GCC_DYNAMIC_NO_PIC = NO;
				GCC_NO_COMMON_BLOCKS = YES;
				GCC_OPTIMIZATION_LEVEL = 0;
				GCC_PREPROCESSOR_DEFINITIONS = (
					"DEBUG=1",
					"$(inherited)",
				);
				GCC_WARN_64_TO_32_BIT_CONVERSION = YES;
				GCC_WARN_ABOUT_RETURN_TYPE = YES_ERROR;
				GCC_WARN_UNDECLARED_SELECTOR = YES;
				GCC_WARN_UNINITIALIZED_AUTOS = YES_AGGRESSIVE;
				GCC_WARN_UNUSED_FUNCTION = YES;
				GCC_WARN_UNUSED_VARIABLE = YES;
				IPHONEOS_DEPLOYMENT_TARGET = 15.0;
				MTL_ENABLE_DEBUG_INFO = INCLUDE_SOURCE;
				MTL_FAST_MATH = YES;
				ONLY_ACTIVE_ARCH = YES;
				SDKROOT = iphoneos;
				SWIFT_ACTIVE_COMPILATION_CONDITIONS = DEBUG;
				SWIFT_OPTIMIZATION_LEVEL = "-Onone";
			};
			name = Debug;
		};
		1C1988792777626E00958B24 /* Release */ = {
			isa = XCBuildConfiguration;
			buildSettings = {
				ALWAYS_SEARCH_USER_PATHS = NO;
				CLANG_ANALYZER_NONNULL = YES;
				CLANG_ANALYZER_NUMBER_OBJECT_CONVERSION = YES_AGGRESSIVE;
				CLANG_CXX_LANGUAGE_STANDARD = "gnu++17";
				CLANG_CXX_LIBRARY = "libc++";
				CLANG_ENABLE_MODULES = YES;
				CLANG_ENABLE_OBJC_ARC = YES;
				CLANG_ENABLE_OBJC_WEAK = YES;
				CLANG_WARN_BLOCK_CAPTURE_AUTORELEASING = YES;
				CLANG_WARN_BOOL_CONVERSION = YES;
				CLANG_WARN_COMMA = YES;
				CLANG_WARN_CONSTANT_CONVERSION = YES;
				CLANG_WARN_DEPRECATED_OBJC_IMPLEMENTATIONS = YES;
				CLANG_WARN_DIRECT_OBJC_ISA_USAGE = YES_ERROR;
				CLANG_WARN_DOCUMENTATION_COMMENTS = YES;
				CLANG_WARN_EMPTY_BODY = YES;
				CLANG_WARN_ENUM_CONVERSION = YES;
				CLANG_WARN_INFINITE_RECURSION = YES;
				CLANG_WARN_INT_CONVERSION = YES;
				CLANG_WARN_NON_LITERAL_NULL_CONVERSION = YES;
				CLANG_WARN_OBJC_IMPLICIT_RETAIN_SELF = YES;
				CLANG_WARN_OBJC_LITERAL_CONVERSION = YES;
				CLANG_WARN_OBJC_ROOT_CLASS = YES_ERROR;
				CLANG_WARN_QUOTED_INCLUDE_IN_FRAMEWORK_HEADER = YES;
				CLANG_WARN_RANGE_LOOP_ANALYSIS = YES;
				CLANG_WARN_STRICT_PROTOTYPES = YES;
				CLANG_WARN_SUSPICIOUS_MOVE = YES;
				CLANG_WARN_UNGUARDED_AVAILABILITY = YES_AGGRESSIVE;
				CLANG_WARN_UNREACHABLE_CODE = YES;
				CLANG_WARN__DUPLICATE_METHOD_MATCH = YES;
				COPY_PHASE_STRIP = NO;
				DEBUG_INFORMATION_FORMAT = "dwarf-with-dsym";
				ENABLE_NS_ASSERTIONS = NO;
				ENABLE_STRICT_OBJC_MSGSEND = YES;
				GCC_C_LANGUAGE_STANDARD = gnu11;
				GCC_NO_COMMON_BLOCKS = YES;
				GCC_WARN_64_TO_32_BIT_CONVERSION = YES;
				GCC_WARN_ABOUT_RETURN_TYPE = YES_ERROR;
				GCC_WARN_UNDECLARED_SELECTOR = YES;
				GCC_WARN_UNINITIALIZED_AUTOS = YES_AGGRESSIVE;
				GCC_WARN_UNUSED_FUNCTION = YES;
				GCC_WARN_UNUSED_VARIABLE = YES;
				IPHONEOS_DEPLOYMENT_TARGET = 15.0;
				MTL_ENABLE_DEBUG_INFO = NO;
				MTL_FAST_MATH = YES;
				SDKROOT = iphoneos;
				SWIFT_COMPILATION_MODE = wholemodule;
				SWIFT_OPTIMIZATION_LEVEL = "-O";
				VALIDATE_PRODUCT = YES;
			};
			name = Release;
		};
		1C19887B2777626E00958B24 /* Debug */ = {
			isa = XCBuildConfiguration;
			buildSettings = {
				ASSETCATALOG_COMPILER_APPICON_NAME = AppIcon;
				ASSETCATALOG_COMPILER_GLOBAL_ACCENT_COLOR_NAME = AccentColor;
				CODE_SIGN_STYLE = Automatic;
				CURRENT_PROJECT_VERSION = 1;
				DEVELOPMENT_ASSET_PATHS = "\"InfoCountries/Preview Content\"";
				DEVELOPMENT_TEAM = R5R4TG65JY;
				ENABLE_PREVIEWS = YES;
				GENERATE_INFOPLIST_FILE = YES;
				INFOPLIST_KEY_UIApplicationSceneManifest_Generation = YES;
				INFOPLIST_KEY_UIApplicationSupportsIndirectInputEvents = YES;
				INFOPLIST_KEY_UILaunchScreen_Generation = YES;
				INFOPLIST_KEY_UISupportedInterfaceOrientations_iPad = "UIInterfaceOrientationPortrait UIInterfaceOrientationPortraitUpsideDown UIInterfaceOrientationLandscapeLeft UIInterfaceOrientationLandscapeRight";
				INFOPLIST_KEY_UISupportedInterfaceOrientations_iPhone = "UIInterfaceOrientationPortrait UIInterfaceOrientationLandscapeLeft UIInterfaceOrientationLandscapeRight";
				LD_RUNPATH_SEARCH_PATHS = (
					"$(inherited)",
					"@executable_path/Frameworks",
				);
				MARKETING_VERSION = 1.0;
				PRODUCT_BUNDLE_IDENTIFIER = Phil.InfoCountries;
				PRODUCT_NAME = "$(TARGET_NAME)";
				SWIFT_EMIT_LOC_STRINGS = YES;
				SWIFT_VERSION = 5.0;
				TARGETED_DEVICE_FAMILY = "1,2";
			};
			name = Debug;
		};
		1C19887C2777626E00958B24 /* Release */ = {
			isa = XCBuildConfiguration;
			buildSettings = {
				ASSETCATALOG_COMPILER_APPICON_NAME = AppIcon;
				ASSETCATALOG_COMPILER_GLOBAL_ACCENT_COLOR_NAME = AccentColor;
				CODE_SIGN_STYLE = Automatic;
				CURRENT_PROJECT_VERSION = 1;
				DEVELOPMENT_ASSET_PATHS = "\"InfoCountries/Preview Content\"";
				DEVELOPMENT_TEAM = R5R4TG65JY;
				ENABLE_PREVIEWS = YES;
				GENERATE_INFOPLIST_FILE = YES;
				INFOPLIST_KEY_UIApplicationSceneManifest_Generation = YES;
				INFOPLIST_KEY_UIApplicationSupportsIndirectInputEvents = YES;
				INFOPLIST_KEY_UILaunchScreen_Generation = YES;
				INFOPLIST_KEY_UISupportedInterfaceOrientations_iPad = "UIInterfaceOrientationPortrait UIInterfaceOrientationPortraitUpsideDown UIInterfaceOrientationLandscapeLeft UIInterfaceOrientationLandscapeRight";
				INFOPLIST_KEY_UISupportedInterfaceOrientations_iPhone = "UIInterfaceOrientationPortrait UIInterfaceOrientationLandscapeLeft UIInterfaceOrientationLandscapeRight";
				LD_RUNPATH_SEARCH_PATHS = (
					"$(inherited)",
					"@executable_path/Frameworks",
				);
				MARKETING_VERSION = 1.0;
				PRODUCT_BUNDLE_IDENTIFIER = Phil.InfoCountries;
				PRODUCT_NAME = "$(TARGET_NAME)";
				SWIFT_EMIT_LOC_STRINGS = YES;
				SWIFT_VERSION = 5.0;
				TARGETED_DEVICE_FAMILY = "1,2";
			};
			name = Release;
		};
/* End XCBuildConfiguration section */

/* Begin XCConfigurationList section */
		1C1988672777626D00958B24 /* Build configuration list for PBXProject "InfoCountries" */ = {
			isa = XCConfigurationList;
			buildConfigurations = (
				1C1988782777626E00958B24 /* Debug */,
				1C1988792777626E00958B24 /* Release */,
			);
			defaultConfigurationIsVisible = 0;
			defaultConfigurationName = Release;
		};
		1C19887A2777626E00958B24 /* Build configuration list for PBXNativeTarget "InfoCountries" */ = {
			isa = XCConfigurationList;
			buildConfigurations = (
				1C19887B2777626E00958B24 /* Debug */,
				1C19887C2777626E00958B24 /* Release */,
			);
			defaultConfigurationIsVisible = 0;
			defaultConfigurationName = Release;
		};
/* End XCConfigurationList section */
	};
	rootObject = 1C1988642777626D00958B24 /* Project object */;
}
